{
  "name": "@open-wallet-standard/core",
  "version": "1.1.1",
  "lockfileVersion": 3,
  "requires": true,
  "packages": {
    "": {
      "name": "@open-wallet-standard/core",
      "version": "1.1.1",
      "license": "MIT",
      "bin": {
        "ows": "bin/ows"
      },
      "devDependencies": {
        "@napi-rs/cli": "^2.18.0"
      },
      "optionalDependencies": {
        "@open-wallet-standard/core-darwin-arm64": "1.1.1",
        "@open-wallet-standard/core-darwin-x64": "1.1.1",
        "@open-wallet-standard/core-linux-arm64-gnu": "1.1.1",
        "@open-wallet-standard/core-linux-x64-gnu": "1.1.1"
      }
    },
    "node_modules/@napi-rs/cli": {
      "version": "2.18.4",
      "resolved": "https://registry.npmjs.org/@napi-rs/cli/-/cli-2.18.4.tgz",
      "integrity": "sha512-SgJeA4df9DE2iAEpr3M2H0OKl/yjtg1BnRI5/JyowS71tUWhrfSu2LT0V3vlHET+g1hBVlrO60PmEXwUEKp8Mg==",
      "dev": true,
      "license": "MIT",
      "bin": {
        "napi": "scripts/index.js"
      },
      "engines": {
        "node": ">= 10"
      },
      "funding": {
        "type": "github",
        "url": "https://github.com/sponsors/Brooooooklyn"
      }
    },
    "node_modules/@open-wallet-standard/core-darwin-arm64": {
      "version": "1.1.1",
      "resolved": "https://registry.npmjs.org/@open-wallet-standard/core-darwin-arm64/-/core-darwin-arm64-1.1.1.tgz",
      "integrity": "sha512-HsuC0IYXwcWYD+28EsRNJyIuq8OiA26t1QPZvVzvlU0M8SbInEpGHaBp6o9y/J+0eny1LlBjx9LHKhmf5YVzxg==",
      "cpu": [
        "arm64"
      ],
      "license": "MIT",
      "optional": true,
      "os": [
        "darwin"
      ]
    },
    "node_modules/@open-wallet-standard/core-darwin-x64": {
      "version": "1.1.1",
      "resolved": "https://registry.npmjs.org/@open-wallet-standard/core-darwin-x64/-/core-darwin-x64-1.1.1.tgz",
      "integrity": "sha512-RhTrAIBRZBdP4axC70dSZvsbpdYbIhK+4lNkeECNvr1Qh1J1boZ4baUJ3Js4JUjDQQPilmghLHwu32QkouiJcQ==",
      "cpu": [
        "x64"
      ],
      "license": "MIT",
      "optional": true,
      "os": [
        "darwin"
      ]
    },
    "node_modules/@open-wallet-standard/core-linux-arm64-gnu": {
      "version": "1.1.1",
      "resolved": "https://registry.npmjs.org/@open-wallet-standard/core-linux-arm64-gnu/-/core-linux-arm64-gnu-1.1.1.tgz",
      "integrity": "sha512-3pah80N0FdtReAv4b/J4GggTOByJWfDYyKIxms7TDe7U9Syy0zbOo2qqEBLwOXuqv7CKjlg9+sh45lvdNse/hQ==",
      "cpu": [
        "arm64"
      ],
      "license": "MIT",
      "optional": true,
      "os": [
        "linux"
      ]
    },
    "node_modules/@open-wallet-standard/core-linux-x64-gnu": {
      "version": "1.1.1",
      "resolved": "https://registry.npmjs.org/@open-wallet-standard/core-linux-x64-gnu/-/core-linux-x64-gnu-1.1.1.tgz",
      "integrity": "sha512-72CB2VsoUepfpF5cRxfG4pPSHINrwwv2du5nwdamBUmbHVnAaPvHwEPcbKziVZMil1u0EZo4DMqw8RpgkbzgqQ==",
      "cpu": [
        "x64"
      ],
      "license": "MIT",
      "optional": true,
      "os": [
        "linux"
      ]
    }
  }
}
